// !$*UTF8*$!
{
	archiveVersion = 1;
	classes = {
	};
	objectVersion = 48;
	objects = {

/* Begin PBXBuildFile section */
		13D1B164A63D229D861CFF15 /* libPods-viewText.a in Frameworks */ = {isa = PBXBuildFile; fileRef = C047020C2E03B9F7FD4DE02F /* libPods-viewText.a */; };
		E3A708DA2089D0F80091C32B /* Main.storyboard in Resources */ = {isa = PBXBuildFile; fileRef = E3A708D82089D0F80091C32B /* Main.storyboard */; };
		E3A708DC2089D0F80091C32B /* Assets.xcassets in Resources */ = {isa = PBXBuildFile; fileRef = E3A708DB2089D0F80091C32B /* Assets.xcassets */; };
		E3A708DF2089D0F80091C32B /* LaunchScreen.storyboard in Resources */ = {isa = PBXBuildFile; fileRef = E3A708DD2089D0F80091C32B /* LaunchScreen.storyboard */; };
		E3A708E22089D0F80091C32B /* main.m in Sources */ = {isa = PBXBuildFile; fileRef = E3A708E12089D0F80091C32B /* main.m */; };
		E3A708EC2089D0F80091C32B /* viewTextTests.m in Sources */ = {isa = PBXBuildFile; fileRef = E3A708EB2089D0F80091C32B /* viewTextTests.m */; };
		E3A708F72089D0F80091C32B /* viewTextUITests.m in Sources */ = {isa = PBXBuildFile; fileRef = E3A708F62089D0F80091C32B /* viewTextUITests.m */; };
		E3FEA9E8208D7CC500AF08E2 /* HintLabel.m in Sources */ = {isa = PBXBuildFile; fileRef = E3FEA9DA208D7CC500AF08E2 /* HintLabel.m */; };
		E3FEA9E9208D7CC500AF08E2 /* HeadView.m in Sources */ = {isa = PBXBuildFile; fileRef = E3FEA9DB208D7CC500AF08E2 /* HeadView.m */; };
		E3FEA9EA208D7CC500AF08E2 /* ViewController.m in Sources */ = {isa = PBXBuildFile; fileRef = E3FEA9DE208D7CC500AF08E2 /* ViewController.m */; };
		E3FEA9EB208D7CC500AF08E2 /* MeTableViewCell.xib in Resources */ = {isa = PBXBuildFile; fileRef = E3FEA9E3208D7CC500AF08E2 /* MeTableViewCell.xib */; };
		E3FEA9EC208D7CC500AF08E2 /* YouTableViewCell.m in Sources */ = {isa = PBXBuildFile; fileRef = E3FEA9E5208D7CC500AF08E2 /* YouTableViewCell.m */; };
		E3FEA9ED208D7CC500AF08E2 /* MeTableViewCell.m in Sources */ = {isa = PBXBuildFile; fileRef = E3FEA9E6208D7CC500AF08E2 /* MeTableViewCell.m */; };
		E3FEA9EE208D7CC500AF08E2 /* YouTableViewCell.xib in Resources */ = {isa = PBXBuildFile; fileRef = E3FEA9E7208D7CC500AF08E2 /* YouTableViewCell.xib */; };
		E3FEA9F7208D886500AF08E2 /* AppDelegate.m in Sources */ = {isa = PBXBuildFile; fileRef = E3FEA9F6208D886500AF08E2 /* AppDelegate.m */; };
		E3FEAA0A208D899200AF08E2 /* UIColor+HexString.m in Sources */ = {isa = PBXBuildFile; fileRef = E3FEA9F8208D899000AF08E2 /* UIColor+HexString.m */; };
		E3FEAA0B208D899200AF08E2 /* UIView+ReRect.m in Sources */ = {isa = PBXBuildFile; fileRef = E3FEA9F9208D899000AF08E2 /* UIView+ReRect.m */; };
		E3FEAA0C208D899200AF08E2 /* UIButton+Style.m in Sources */ = {isa = PBXBuildFile; fileRef = E3FEA9FA208D899000AF08E2 /* UIButton+Style.m */; };
		E3FEAA0D208D899200AF08E2 /* NSString+Time.m in Sources */ = {isa = PBXBuildFile; fileRef = E3FEA9FB208D899000AF08E2 /* NSString+Time.m */; };
		E3FEAA0E208D899200AF08E2 /* UILabel+Utils.m in Sources */ = {isa = PBXBuildFile; fileRef = E3FEA9FF208D899100AF08E2 /* UILabel+Utils.m */; };
		E3FEAA0F208D899200AF08E2 /* UIFont+SelectFrame.m in Sources */ = {isa = PBXBuildFile; fileRef = E3FEAA02208D899100AF08E2 /* UIFont+SelectFrame.m */; };
		E3FEAA10208D899200AF08E2 /* UIImage+Image.m in Sources */ = {isa = PBXBuildFile; fileRef = E3FEAA05208D899100AF08E2 /* UIImage+Image.m */; };
		E3FEAA11208D899200AF08E2 /* UIView+BorderLine.m in Sources */ = {isa = PBXBuildFile; fileRef = E3FEAA07208D899100AF08E2 /* UIView+BorderLine.m */; };
		E3FEAA12208D899200AF08E2 /* UIImage+Exten.m in Sources */ = {isa = PBXBuildFile; fileRef = E3FEAA09208D899200AF08E2 /* UIImage+Exten.m */; };
		E3FEAA15208D89A600AF08E2 /* DJQ_RootTools.m in Sources */ = {isa = PBXBuildFile; fileRef = E3FEAA14208D89A600AF08E2 /* DJQ_RootTools.m */; };
		E3FEAA18208D89B000AF08E2 /* ToolFunctionManager.m in Sources */ = {isa = PBXBuildFile; fileRef = E3FEAA17208D89B000AF08E2 /* ToolFunctionManager.m */; };
		E3FEAA27208D930100AF08E2 /* HDRootViewController.m in Sources */ = {isa = PBXBuildFile; fileRef = E3FEAA23208D930100AF08E2 /* HDRootViewController.m */; };
		E3FEAA28208D930100AF08E2 /* ZYLWebController.m in Sources */ = {isa = PBXBuildFile; fileRef = E3FEAA26208D930100AF08E2 /* ZYLWebController.m */; };
		E3FEAA2E208DA1B000AF08E2 /* IMLogicModel.m in Sources */ = {isa = PBXBuildFile; fileRef = E3FEAA2D208DA1B000AF08E2 /* IMLogicModel.m */; };
/* End PBXBuildFile section */

/* Begin PBXContainerItemProxy section */
		E3A708E82089D0F80091C32B /* PBXContainerItemProxy */ = {
			isa = PBXContainerItemProxy;
			containerPortal = E3A708C72089D0F80091C32B /* Project object */;
			proxyType = 1;
			remoteGlobalIDString = E3A708CE2089D0F80091C32B;
			remoteInfo = viewText;
		};
		E3A708F32089D0F80091C32B /* PBXContainerItemProxy */ = {
			isa = PBXContainerItemProxy;
			containerPortal = E3A708C72089D0F80091C32B /* Project object */;
			proxyType = 1;
			remoteGlobalIDString = E3A708CE2089D0F80091C32B;
			remoteInfo = viewText;
		};
/* End PBXContainerItemProxy section */

/* Begin PBXFileReference section */
		7E18A00BE0770071ABDD09D3 /* Pods-viewText.release.xcconfig */ = {isa = PBXFileReference; includeInIndex = 1; lastKnownFileType = text.xcconfig; name = "Pods-viewText.release.xcconfig"; path = "Pods/Target Support Files/Pods-viewText/Pods-viewText.release.xcconfig"; sourceTree = "<group>"; };
		B1663DBE92DEC523141C3D09 /* Pods-viewText.debug.xcconfig */ = {isa = PBXFileReference; includeInIndex = 1; lastKnownFileType = text.xcconfig; name = "Pods-viewText.debug.xcconfig"; path = "Pods/Target Support Files/Pods-viewText/Pods-viewText.debug.xcconfig"; sourceTree = "<group>"; };
		C047020C2E03B9F7FD4DE02F /* libPods-viewText.a */ = {isa = PBXFileReference; explicitFileType = archive.ar; includeInIndex = 0; path = "libPods-viewText.a"; sourceTree = BUILT_PRODUCTS_DIR; };
		E3A708CF2089D0F80091C32B /* viewText.app */ = {isa = PBXFileReference; explicitFileType = wrapper.application; includeInIndex = 0; path = viewText.app; sourceTree = BUILT_PRODUCTS_DIR; };
		E3A708D92089D0F80091C32B /* Base */ = {isa = PBXFileReference; lastKnownFileType = file.storyboard; name = Base; path = Base.lproj/Main.storyboard; sourceTree = "<group>"; };
		E3A708DB2089D0F80091C32B /* Assets.xcassets */ = {isa = PBXFileReference; lastKnownFileType = folder.assetcatalog; path = Assets.xcassets; sourceTree = "<group>"; };
		E3A708DE2089D0F80091C32B /* Base */ = {isa = PBXFileReference; lastKnownFileType = file.storyboard; name = Base; path = Base.lproj/LaunchScreen.storyboard; sourceTree = "<group>"; };
		E3A708E02089D0F80091C32B /* Info.plist */ = {isa = PBXFileReference; lastKnownFileType = text.plist.xml; path = Info.plist; sourceTree = "<group>"; };
		E3A708E12089D0F80091C32B /* main.m */ = {isa = PBXFileReference; lastKnownFileType = sourcecode.c.objc; path = main.m; sourceTree = "<group>"; };
		E3A708E72089D0F80091C32B /* viewTextTests.xctest */ = {isa = PBXFileReference; explicitFileType = wrapper.cfbundle; includeInIndex = 0; path = viewTextTests.xctest; sourceTree = BUILT_PRODUCTS_DIR; };
		E3A708EB2089D0F80091C32B /* viewTextTests.m */ = {isa = PBXFileReference; lastKnownFileType = sourcecode.c.objc; path = viewTextTests.m; sourceTree = "<group>"; };
		E3A708ED2089D0F80091C32B /* Info.plist */ = {isa = PBXFileReference; lastKnownFileType = text.plist.xml; path = Info.plist; sourceTree = "<group>"; };
		E3A708F22089D0F80091C32B /* viewTextUITests.xctest */ = {isa = PBXFileReference; explicitFileType = wrapper.cfbundle; includeInIndex = 0; path = viewTextUITests.xctest; sourceTree = BUILT_PRODUCTS_DIR; };
		E3A708F62089D0F80091C32B /* viewTextUITests.m */ = {isa = PBXFileReference; lastKnownFileType = sourcecode.c.objc; path = viewTextUITests.m; sourceTree = "<group>"; };
		E3A708F82089D0F80091C32B /* Info.plist */ = {isa = PBXFileReference; lastKnownFileType = text.plist.xml; path = Info.plist; sourceTree = "<group>"; };
		E3FEA9D8208D7CC500AF08E2 /* HeadView.h */ = {isa = PBXFileReference; fileEncoding = 4; lastKnownFileType = sourcecode.c.h; path = HeadView.h; sourceTree = "<group>"; };
		E3FEA9D9208D7CC500AF08E2 /* HintLabel.h */ = {isa = PBXFileReference; fileEncoding = 4; lastKnownFileType = sourcecode.c.h; path = HintLabel.h; sourceTree = "<group>"; };
		E3FEA9DA208D7CC500AF08E2 /* HintLabel.m */ = {isa = PBXFileReference; fileEncoding = 4; lastKnownFileType = sourcecode.c.objc; path = HintLabel.m; sourceTree = "<group>"; };
		E3FEA9DB208D7CC500AF08E2 /* HeadView.m */ = {isa = PBXFileReference; fileEncoding = 4; lastKnownFileType = sourcecode.c.objc; path = HeadView.m; sourceTree = "<group>"; };
		E3FEA9DE208D7CC500AF08E2 /* ViewController.m */ = {isa = PBXFileReference; fileEncoding = 4; lastKnownFileType = sourcecode.c.objc; path = ViewController.m; sourceTree = "<group>"; };
		E3FEA9DF208D7CC500AF08E2 /* ViewController.h */ = {isa = PBXFileReference; fileEncoding = 4; lastKnownFileType = sourcecode.c.h; path = ViewController.h; sourceTree = "<group>"; };
		E3FEA9E2208D7CC500AF08E2 /* YouTableViewCell.h */ = {isa = PBXFileReference; fileEncoding = 4; lastKnownFileType = sourcecode.c.h; path = YouTableViewCell.h; sourceTree = "<group>"; };
		E3FEA9E3208D7CC500AF08E2 /* MeTableViewCell.xib */ = {isa = PBXFileReference; fileEncoding = 4; lastKnownFileType = file.xib; path = MeTableViewCell.xib; sourceTree = "<group>"; };
		E3FEA9E4208D7CC500AF08E2 /* MeTableViewCell.h */ = {isa = PBXFileReference; fileEncoding = 4; lastKnownFileType = sourcecode.c.h; path = MeTableViewCell.h; sourceTree = "<group>"; };
		E3FEA9E5208D7CC500AF08E2 /* YouTableViewCell.m */ = {isa = PBXFileReference; fileEncoding = 4; lastKnownFileType = sourcecode.c.objc; path = YouTableViewCell.m; sourceTree = "<group>"; };
		E3FEA9E6208D7CC500AF08E2 /* MeTableViewCell.m */ = {isa = PBXFileReference; fileEncoding = 4; lastKnownFileType = sourcecode.c.objc; path = MeTableViewCell.m; sourceTree = "<group>"; };
		E3FEA9E7208D7CC500AF08E2 /* YouTableViewCell.xib */ = {isa = PBXFileReference; fileEncoding = 4; lastKnownFileType = file.xib; path = YouTableViewCell.xib; sourceTree = "<group>"; };
		E3FEA9F5208D886500AF08E2 /* AppDelegate.h */ = {isa = PBXFileReference; fileEncoding = 4; lastKnownFileType = sourcecode.c.h; path = AppDelegate.h; sourceTree = "<group>"; };
		E3FEA9F6208D886500AF08E2 /* AppDelegate.m */ = {isa = PBXFileReference; fileEncoding = 4; lastKnownFileType = sourcecode.c.objc; path = AppDelegate.m; sourceTree = "<group>"; };
		E3FEA9F8208D899000AF08E2 /* UIColor+HexString.m */ = {isa = PBXFileReference; fileEncoding = 4; lastKnownFileType = sourcecode.c.objc; path = "UIColor+HexString.m"; sourceTree = "<group>"; };
		E3FEA9F9208D899000AF08E2 /* UIView+ReRect.m */ = {isa = PBXFileReference; fileEncoding = 4; lastKnownFileType = sourcecode.c.objc; path = "UIView+ReRect.m"; sourceTree = "<group>"; };
		E3FEA9FA208D899000AF08E2 /* UIButton+Style.m */ = {isa = PBXFileReference; fileEncoding = 4; lastKnownFileType = sourcecode.c.objc; path = "UIButton+Style.m"; sourceTree = "<group>"; };
		E3FEA9FB208D899000AF08E2 /* NSString+Time.m */ = {isa = PBXFileReference; fileEncoding = 4; lastKnownFileType = sourcecode.c.objc; path = "NSString+Time.m"; sourceTree = "<group>"; };
		E3FEA9FC208D899100AF08E2 /* UIFont+SelectFrame.h */ = {isa = PBXFileReference; fileEncoding = 4; lastKnownFileType = sourcecode.c.h; path = "UIFont+SelectFrame.h"; sourceTree = "<group>"; };
		E3FEA9FD208D899100AF08E2 /* UIColor+HexString.h */ = {isa = PBXFileReference; fileEncoding = 4; lastKnownFileType = sourcecode.c.h; path = "UIColor+HexString.h"; sourceTree = "<group>"; };
		E3FEA9FE208D899100AF08E2 /* UIImage+Exten.h */ = {isa = PBXFileReference; fileEncoding = 4; lastKnownFileType = sourcecode.c.h; path = "UIImage+Exten.h"; sourceTree = "<group>"; };
		E3FEA9FF208D899100AF08E2 /* UILabel+Utils.m */ = {isa = PBXFileReference; fileEncoding = 4; lastKnownFileType = sourcecode.c.objc; path = "UILabel+Utils.m"; sourceTree = "<group>"; };
		E3FEAA00208D899100AF08E2 /* UIButton+Style.h */ = {isa = PBXFileReference; fileEncoding = 4; lastKnownFileType = sourcecode.c.h; path = "UIButton+Style.h"; sourceTree = "<group>"; };
		E3FEAA01208D899100AF08E2 /* UIImage+Image.h */ = {isa = PBXFileReference; fileEncoding = 4; lastKnownFileType = sourcecode.c.h; path = "UIImage+Image.h"; sourceTree = "<group>"; };
		E3FEAA02208D899100AF08E2 /* UIFont+SelectFrame.m */ = {isa = PBXFileReference; fileEncoding = 4; lastKnownFileType = sourcecode.c.objc; path = "UIFont+SelectFrame.m"; sourceTree = "<group>"; };
		E3FEAA03208D899100AF08E2 /* UIView+BorderLine.h */ = {isa = PBXFileReference; fileEncoding = 4; lastKnownFileType = sourcecode.c.h; path = "UIView+BorderLine.h"; sourceTree = "<group>"; };
		E3FEAA04208D899100AF08E2 /* UILabel+Utils.h */ = {isa = PBXFileReference; fileEncoding = 4; lastKnownFileType = sourcecode.c.h; path = "UILabel+Utils.h"; sourceTree = "<group>"; };
		E3FEAA05208D899100AF08E2 /* UIImage+Image.m */ = {isa = PBXFileReference; fileEncoding = 4; lastKnownFileType = sourcecode.c.objc; path = "UIImage+Image.m"; sourceTree = "<group>"; };
		E3FEAA06208D899100AF08E2 /* UIView+ReRect.h */ = {isa = PBXFileReference; fileEncoding = 4; lastKnownFileType = sourcecode.c.h; path = "UIView+ReRect.h"; sourceTree = "<group>"; };
		E3FEAA07208D899100AF08E2 /* UIView+BorderLine.m */ = {isa = PBXFileReference; fileEncoding = 4; lastKnownFileType = sourcecode.c.objc; path = "UIView+BorderLine.m"; sourceTree = "<group>"; };
		E3FEAA08208D899100AF08E2 /* NSString+Time.h */ = {isa = PBXFileReference; fileEncoding = 4; lastKnownFileType = sourcecode.c.h; path = "NSString+Time.h"; sourceTree = "<group>"; };
		E3FEAA09208D899200AF08E2 /* UIImage+Exten.m */ = {isa = PBXFileReference; fileEncoding = 4; lastKnownFileType = sourcecode.c.objc; path = "UIImage+Exten.m"; sourceTree = "<group>"; };
		E3FEAA13208D89A600AF08E2 /* DJQ_RootTools.h */ = {isa = PBXFileReference; fileEncoding = 4; lastKnownFileType = sourcecode.c.h; path = DJQ_RootTools.h; sourceTree = "<group>"; };
		E3FEAA14208D89A600AF08E2 /* DJQ_RootTools.m */ = {isa = PBXFileReference; fileEncoding = 4; lastKnownFileType = sourcecode.c.objc; path = DJQ_RootTools.m; sourceTree = "<group>"; };
		E3FEAA16208D89B000AF08E2 /* ToolFunctionManager.h */ = {isa = PBXFileReference; fileEncoding = 4; lastKnownFileType = sourcecode.c.h; path = ToolFunctionManager.h; sourceTree = "<group>"; };
		E3FEAA17208D89B000AF08E2 /* ToolFunctionManager.m */ = {isa = PBXFileReference; fileEncoding = 4; lastKnownFileType = sourcecode.c.objc; path = ToolFunctionManager.m; sourceTree = "<group>"; };
		E3FEAA1C208D8AA500AF08E2 /* PrefixHeader.pch */ = {isa = PBXFileReference; lastKnownFileType = sourcecode.c.h; path = PrefixHeader.pch; sourceTree = "<group>"; };
		E3FEAA1D208D8D2500AF08E2 /* ViewText_Header.h */ = {isa = PBXFileReference; lastKnownFileType = sourcecode.c.h; path = ViewText_Header.h; sourceTree = "<group>"; };
		E3FEAA1F208D8E0000AF08E2 /* ViewText_Define_Header.h */ = {isa = PBXFileReference; lastKnownFileType = sourcecode.c.h; path = ViewText_Define_Header.h; sourceTree = "<group>"; };
		E3FEAA23208D930100AF08E2 /* HDRootViewController.m */ = {isa = PBXFileReference; fileEncoding = 4; lastKnownFileType = sourcecode.c.objc; path = HDRootViewController.m; sourceTree = "<group>"; };
		E3FEAA24208D930100AF08E2 /* ZYLWebController.h */ = {isa = PBXFileReference; fileEncoding = 4; lastKnownFileType = sourcecode.c.h; path = ZYLWebController.h; sourceTree = "<group>"; };
		E3FEAA25208D930100AF08E2 /* HDRootViewController.h */ = {isa = PBXFileReference; fileEncoding = 4; lastKnownFileType = sourcecode.c.h; path = HDRootViewController.h; sourceTree = "<group>"; };
		E3FEAA26208D930100AF08E2 /* ZYLWebController.m */ = {isa = PBXFileReference; fileEncoding = 4; lastKnownFileType = sourcecode.c.objc; path = ZYLWebController.m; sourceTree = "<group>"; };
		E3FEAA2C208DA1B000AF08E2 /* IMLogicModel.h */ = {isa = PBXFileReference; lastKnownFileType = sourcecode.c.h; path = IMLogicModel.h; sourceTree = "<group>"; };
		E3FEAA2D208DA1B000AF08E2 /* IMLogicModel.m */ = {isa = PBXFileReference; lastKnownFileType = sourcecode.c.objc; path = IMLogicModel.m; sourceTree = "<group>"; };
/* End PBXFileReference section */

/* Begin PBXFrameworksBuildPhase section */
		E3A708CC2089D0F80091C32B /* Frameworks */ = {
			isa = PBXFrameworksBuildPhase;
			buildActionMask = 2147483647;
			files = (
				13D1B164A63D229D861CFF15 /* libPods-viewText.a in Frameworks */,
			);
			runOnlyForDeploymentPostprocessing = 0;
		};
		E3A708E42089D0F80091C32B /* Frameworks */ = {
			isa = PBXFrameworksBuildPhase;
			buildActionMask = 2147483647;
			files = (
			);
			runOnlyForDeploymentPostprocessing = 0;
		};
		E3A708EF2089D0F80091C32B /* Frameworks */ = {
			isa = PBXFrameworksBuildPhase;
			buildActionMask = 2147483647;
			files = (
			);
			runOnlyForDeploymentPostprocessing = 0;
		};
/* End PBXFrameworksBuildPhase section */

/* Begin PBXGroup section */
		D8EACE447DA1AC46ED4E146E /* Pods */ = {
			isa = PBXGroup;
			children = (
				B1663DBE92DEC523141C3D09 /* Pods-viewText.debug.xcconfig */,
				7E18A00BE0770071ABDD09D3 /* Pods-viewText.release.xcconfig */,
			);
			name = Pods;
			sourceTree = "<group>";
		};
		E3A708C62089D0F80091C32B = {
			isa = PBXGroup;
			children = (
				E3A708D12089D0F80091C32B /* viewText */,
				E3A708EA2089D0F80091C32B /* viewTextTests */,
				E3A708F52089D0F80091C32B /* viewTextUITests */,
				E3A708D02089D0F80091C32B /* Products */,
				D8EACE447DA1AC46ED4E146E /* Pods */,
				E764015936A9CAAE43B09154 /* Frameworks */,
			);
			sourceTree = "<group>";
		};
		E3A708D02089D0F80091C32B /* Products */ = {
			isa = PBXGroup;
			children = (
				E3A708CF2089D0F80091C32B /* viewText.app */,
				E3A708E72089D0F80091C32B /* viewTextTests.xctest */,
				E3A708F22089D0F80091C32B /* viewTextUITests.xctest */,
			);
			name = Products;
			sourceTree = "<group>";
		};
		E3A708D12089D0F80091C32B /* viewText */ = {
			isa = PBXGroup;
			children = (
				E3FEAA20208D92A700AF08E2 /* HDRootFile */,
				E3FEAA1B208D8A9100AF08E2 /* OverAllFile */,
				E3FEA9F4208D886500AF08E2 /* SystemFile */,
				E3FEA9F0208D805900AF08E2 /* Custom */,
				E3FEA9DC208D7CC500AF08E2 /* IMBuild */,
				E3FEA9D7208D7CC500AF08E2 /* CreatViews */,
				E3A708D82089D0F80091C32B /* Main.storyboard */,
				E3A708DB2089D0F80091C32B /* Assets.xcassets */,
				E3A708DD2089D0F80091C32B /* LaunchScreen.storyboard */,
				E3A708E02089D0F80091C32B /* Info.plist */,
				E3A708E12089D0F80091C32B /* main.m */,
			);
			path = viewText;
			sourceTree = "<group>";
		};
		E3A708EA2089D0F80091C32B /* viewTextTests */ = {
			isa = PBXGroup;
			children = (
				E3A708EB2089D0F80091C32B /* viewTextTests.m */,
				E3A708ED2089D0F80091C32B /* Info.plist */,
			);
			path = viewTextTests;
			sourceTree = "<group>";
		};
		E3A708F52089D0F80091C32B /* viewTextUITests */ = {
			isa = PBXGroup;
			children = (
				E3A708F62089D0F80091C32B /* viewTextUITests.m */,
				E3A708F82089D0F80091C32B /* Info.plist */,
			);
			path = viewTextUITests;
			sourceTree = "<group>";
		};
		E3FEA9D7208D7CC500AF08E2 /* CreatViews */ = {
			isa = PBXGroup;
			children = (
				E3FEA9D8208D7CC500AF08E2 /* HeadView.h */,
				E3FEA9D9208D7CC500AF08E2 /* HintLabel.h */,
				E3FEA9DA208D7CC500AF08E2 /* HintLabel.m */,
				E3FEA9DB208D7CC500AF08E2 /* HeadView.m */,
			);
			path = CreatViews;
			sourceTree = "<group>";
		};
		E3FEA9DC208D7CC500AF08E2 /* IMBuild */ = {
			isa = PBXGroup;
			children = (
				E3FEA9DD208D7CC500AF08E2 /* Controller */,
				E3FEA9E0208D7CC500AF08E2 /* Model */,
				E3FEA9E1208D7CC500AF08E2 /* Views */,
			);
			path = IMBuild;
			sourceTree = "<group>";
		};
		E3FEA9DD208D7CC500AF08E2 /* Controller */ = {
			isa = PBXGroup;
			children = (
				E3FEA9DF208D7CC500AF08E2 /* ViewController.h */,
				E3FEA9DE208D7CC500AF08E2 /* ViewController.m */,
			);
			path = Controller;
			sourceTree = "<group>";
		};
		E3FEA9E0208D7CC500AF08E2 /* Model */ = {
			isa = PBXGroup;
			children = (
				E3FEAA2C208DA1B000AF08E2 /* IMLogicModel.h */,
				E3FEAA2D208DA1B000AF08E2 /* IMLogicModel.m */,
			);
			path = Model;
			sourceTree = "<group>";
		};
		E3FEA9E1208D7CC500AF08E2 /* Views */ = {
			isa = PBXGroup;
			children = (
				E3FEA9E4208D7CC500AF08E2 /* MeTableViewCell.h */,
				E3FEA9E6208D7CC500AF08E2 /* MeTableViewCell.m */,
				E3FEA9E3208D7CC500AF08E2 /* MeTableViewCell.xib */,
				E3FEA9E2208D7CC500AF08E2 /* YouTableViewCell.h */,
				E3FEA9E5208D7CC500AF08E2 /* YouTableViewCell.m */,
				E3FEA9E7208D7CC500AF08E2 /* YouTableViewCell.xib */,
			);
			path = Views;
			sourceTree = "<group>";
		};
		E3FEA9F0208D805900AF08E2 /* Custom */ = {
			isa = PBXGroup;
			children = (
				E3FEA9F1208D805900AF08E2 /* IMTools */,
				E3FEA9F2208D805900AF08E2 /* Extra */,
				E3FEA9F3208D805900AF08E2 /* Categories */,
			);
			path = Custom;
			sourceTree = "<group>";
		};
		E3FEA9F1208D805900AF08E2 /* IMTools */ = {
			isa = PBXGroup;
			children = (
				E3FEAA13208D89A600AF08E2 /* DJQ_RootTools.h */,
				E3FEAA14208D89A600AF08E2 /* DJQ_RootTools.m */,
				E3FEAA16208D89B000AF08E2 /* ToolFunctionManager.h */,
				E3FEAA17208D89B000AF08E2 /* ToolFunctionManager.m */,
			);
			path = IMTools;
			sourceTree = "<group>";
		};
		E3FEA9F2208D805900AF08E2 /* Extra */ = {
			isa = PBXGroup;
			children = (
			);
			path = Extra;
			sourceTree = "<group>";
		};
		E3FEA9F3208D805900AF08E2 /* Categories */ = {
			isa = PBXGroup;
			children = (
				E3FEAA08208D899100AF08E2 /* NSString+Time.h */,
				E3FEA9FB208D899000AF08E2 /* NSString+Time.m */,
				E3FEAA00208D899100AF08E2 /* UIButton+Style.h */,
				E3FEA9FA208D899000AF08E2 /* UIButton+Style.m */,
				E3FEA9FD208D899100AF08E2 /* UIColor+HexString.h */,
				E3FEA9F8208D899000AF08E2 /* UIColor+HexString.m */,
				E3FEA9FC208D899100AF08E2 /* UIFont+SelectFrame.h */,
				E3FEAA02208D899100AF08E2 /* UIFont+SelectFrame.m */,
				E3FEA9FE208D899100AF08E2 /* UIImage+Exten.h */,
				E3FEAA09208D899200AF08E2 /* UIImage+Exten.m */,
				E3FEAA01208D899100AF08E2 /* UIImage+Image.h */,
				E3FEAA05208D899100AF08E2 /* UIImage+Image.m */,
				E3FEAA04208D899100AF08E2 /* UILabel+Utils.h */,
				E3FEA9FF208D899100AF08E2 /* UILabel+Utils.m */,
				E3FEAA03208D899100AF08E2 /* UIView+BorderLine.h */,
				E3FEAA07208D899100AF08E2 /* UIView+BorderLine.m */,
				E3FEAA06208D899100AF08E2 /* UIView+ReRect.h */,
				E3FEA9F9208D899000AF08E2 /* UIView+ReRect.m */,
			);
			path = Categories;
			sourceTree = "<group>";
		};
		E3FEA9F4208D886500AF08E2 /* SystemFile */ = {
			isa = PBXGroup;
			children = (
				E3FEA9F5208D886500AF08E2 /* AppDelegate.h */,
				E3FEA9F6208D886500AF08E2 /* AppDelegate.m */,
			);
			path = SystemFile;
			sourceTree = "<group>";
		};
		E3FEAA1B208D8A9100AF08E2 /* OverAllFile */ = {
			isa = PBXGroup;
			children = (
				E3FEAA1C208D8AA500AF08E2 /* PrefixHeader.pch */,
				E3FEAA1D208D8D2500AF08E2 /* ViewText_Header.h */,
				E3FEAA1F208D8E0000AF08E2 /* ViewText_Define_Header.h */,
			);
			path = OverAllFile;
			sourceTree = "<group>";
		};
		E3FEAA20208D92A700AF08E2 /* HDRootFile */ = {
			isa = PBXGroup;
			children = (
				E3FEAA21208D92A700AF08E2 /* RootCreatView */,
				E3FEAA22208D92A700AF08E2 /* RootViewController */,
			);
			path = HDRootFile;
			sourceTree = "<group>";
		};
		E3FEAA21208D92A700AF08E2 /* RootCreatView */ = {
			isa = PBXGroup;
			children = (
			);
			path = RootCreatView;
			sourceTree = "<group>";
		};
		E3FEAA22208D92A700AF08E2 /* RootViewController */ = {
			isa = PBXGroup;
			children = (
				E3FEAA25208D930100AF08E2 /* HDRootViewController.h */,
				E3FEAA23208D930100AF08E2 /* HDRootViewController.m */,
				E3FEAA24208D930100AF08E2 /* ZYLWebController.h */,
				E3FEAA26208D930100AF08E2 /* ZYLWebController.m */,
			);
			path = RootViewController;
			sourceTree = "<group>";
		};
		E764015936A9CAAE43B09154 /* Frameworks */ = {
			isa = PBXGroup;
			children = (
				C047020C2E03B9F7FD4DE02F /* libPods-viewText.a */,
			);
			name = Frameworks;
			sourceTree = "<group>";
		};
/* End PBXGroup section */

/* Begin PBXNativeTarget section */
		E3A708CE2089D0F80091C32B /* viewText */ = {
			isa = PBXNativeTarget;
			buildConfigurationList = E3A708FB2089D0F80091C32B /* Build configuration list for PBXNativeTarget "viewText" */;
			buildPhases = (
				A7F717AC4DE1E58E2FDC43C5 /* [CP] Check Pods Manifest.lock */,
				E3A708CB2089D0F80091C32B /* Sources */,
				E3A708CC2089D0F80091C32B /* Frameworks */,
				E3A708CD2089D0F80091C32B /* Resources */,
				AF6F48E8494D5EB181FD7D8E /* [CP] Embed Pods Frameworks */,
				8802C5233732D2E2B553106E /* [CP] Copy Pods Resources */,
			);
			buildRules = (
			);
			dependencies = (
			);
			name = viewText;
			productName = viewText;
			productReference = E3A708CF2089D0F80091C32B /* viewText.app */;
			productType = "com.apple.product-type.application";
		};
		E3A708E62089D0F80091C32B /* viewTextTests */ = {
			isa = PBXNativeTarget;
			buildConfigurationList = E3A708FE2089D0F80091C32B /* Build configuration list for PBXNativeTarget "viewTextTests" */;
			buildPhases = (
				E3A708E32089D0F80091C32B /* Sources */,
				E3A708E42089D0F80091C32B /* Frameworks */,
				E3A708E52089D0F80091C32B /* Resources */,
			);
			buildRules = (
			);
			dependencies = (
				E3A708E92089D0F80091C32B /* PBXTargetDependency */,
			);
			name = viewTextTests;
			productName = viewTextTests;
			productReference = E3A708E72089D0F80091C32B /* viewTextTests.xctest */;
			productType = "com.apple.product-type.bundle.unit-test";
		};
		E3A708F12089D0F80091C32B /* viewTextUITests */ = {
			isa = PBXNativeTarget;
			buildConfigurationList = E3A709012089D0F80091C32B /* Build configuration list for PBXNativeTarget "viewTextUITests" */;
			buildPhases = (
				E3A708EE2089D0F80091C32B /* Sources */,
				E3A708EF2089D0F80091C32B /* Frameworks */,
				E3A708F02089D0F80091C32B /* Resources */,
			);
			buildRules = (
			);
			dependencies = (
				E3A708F42089D0F80091C32B /* PBXTargetDependency */,
			);
			name = viewTextUITests;
			productName = viewTextUITests;
			productReference = E3A708F22089D0F80091C32B /* viewTextUITests.xctest */;
			productType = "com.apple.product-type.bundle.ui-testing";
		};
/* End PBXNativeTarget section */

/* Begin PBXProject section */
		E3A708C72089D0F80091C32B /* Project object */ = {
			isa = PBXProject;
			attributes = {
				LastUpgradeCheck = 0920;
				ORGANIZATIONNAME = wuhaidong;
				TargetAttributes = {
					E3A708CE2089D0F80091C32B = {
						CreatedOnToolsVersion = 9.2;
						ProvisioningStyle = Automatic;
					};
					E3A708E62089D0F80091C32B = {
						CreatedOnToolsVersion = 9.2;
						ProvisioningStyle = Automatic;
						TestTargetID = E3A708CE2089D0F80091C32B;
					};
					E3A708F12089D0F80091C32B = {
						CreatedOnToolsVersion = 9.2;
						ProvisioningStyle = Automatic;
						TestTargetID = E3A708CE2089D0F80091C32B;
					};
				};
			};
			buildConfigurationList = E3A708CA2089D0F80091C32B /* Build configuration list for PBXProject "viewText" */;
			compatibilityVersion = "Xcode 8.0";
			developmentRegion = en;
			hasScannedForEncodings = 0;
			knownRegions = (
				en,
				Base,
			);
			mainGroup = E3A708C62089D0F80091C32B;
			productRefGroup = E3A708D02089D0F80091C32B /* Products */;
			projectDirPath = "";
			projectRoot = "";
			targets = (
				E3A708CE2089D0F80091C32B /* viewText */,
				E3A708E62089D0F80091C32B /* viewTextTests */,
				E3A708F12089D0F80091C32B /* viewTextUITests */,
			);
		};
/* End PBXProject section */

/* Begin PBXResourcesBuildPhase section */
		E3A708CD2089D0F80091C32B /* Resources */ = {
			isa = PBXResourcesBuildPhase;
			buildActionMask = 2147483647;
			files = (
				E3A708DF2089D0F80091C32B /* LaunchScreen.storyboard in Resources */,
				E3FEA9EB208D7CC500AF08E2 /* MeTableViewCell.xib in Resources */,
				E3FEA9EE208D7CC500AF08E2 /* YouTableViewCell.xib in Resources */,
				E3A708DC2089D0F80091C32B /* Assets.xcassets in Resources */,
				E3A708DA2089D0F80091C32B /* Main.storyboard in Resources */,
			);
			runOnlyForDeploymentPostprocessing = 0;
		};
		E3A708E52089D0F80091C32B /* Resources */ = {
			isa = PBXResourcesBuildPhase;
			buildActionMask = 2147483647;
			files = (
			);
			runOnlyForDeploymentPostprocessing = 0;
		};
		E3A708F02089D0F80091C32B /* Resources */ = {
			isa = PBXResourcesBuildPhase;
			buildActionMask = 2147483647;
			files = (
			);
			runOnlyForDeploymentPostprocessing = 0;
		};
/* End PBXResourcesBuildPhase section */

/* Begin PBXShellScriptBuildPhase section */
		8802C5233732D2E2B553106E /* [CP] Copy Pods Resources */ = {
			isa = PBXShellScriptBuildPhase;
			buildActionMask = 2147483647;
			files = (
			);
			inputPaths = (
				"${SRCROOT}/Pods/Target Support Files/Pods-viewText/Pods-viewText-resources.sh",
				"${PODS_ROOT}/IQKeyboardManager/IQKeyboardManager/Resources/IQKeyboardManager.bundle",
				"${PODS_ROOT}/MJRefresh/MJRefresh/MJRefresh.bundle",
			);
			name = "[CP] Copy Pods Resources";
			outputPaths = (
				"${TARGET_BUILD_DIR}/${UNLOCALIZED_RESOURCES_FOLDER_PATH}",
			);
			runOnlyForDeploymentPostprocessing = 0;
			shellPath = /bin/sh;
			shellScript = "\"${SRCROOT}/Pods/Target Support Files/Pods-viewText/Pods-viewText-resources.sh\"\n";
			showEnvVarsInLog = 0;
		};
		A7F717AC4DE1E58E2FDC43C5 /* [CP] Check Pods Manifest.lock */ = {
			isa = PBXShellScriptBuildPhase;
			buildActionMask = 2147483647;
			files = (
			);
			inputPaths = (
				"${PODS_PODFILE_DIR_PATH}/Podfile.lock",
				"${PODS_ROOT}/Manifest.lock",
			);
			name = "[CP] Check Pods Manifest.lock";
			outputPaths = (
				"$(DERIVED_FILE_DIR)/Pods-viewText-checkManifestLockResult.txt",
			);
			runOnlyForDeploymentPostprocessing = 0;
			shellPath = /bin/sh;
			shellScript = "diff \"${PODS_PODFILE_DIR_PATH}/Podfile.lock\" \"${PODS_ROOT}/Manifest.lock\" > /dev/null\nif [ $? != 0 ] ; then\n    # print error to STDERR\n    echo \"error: The sandbox is not in sync with the Podfile.lock. Run 'pod install' or update your CocoaPods installation.\" >&2\n    exit 1\nfi\n# This output is used by Xcode 'outputs' to avoid re-running this script phase.\necho \"SUCCESS\" > \"${SCRIPT_OUTPUT_FILE_0}\"\n";
			showEnvVarsInLog = 0;
		};
		AF6F48E8494D5EB181FD7D8E /* [CP] Embed Pods Frameworks */ = {
			isa = PBXShellScriptBuildPhase;
			buildActionMask = 2147483647;
			files = (
			);
			inputPaths = (
			);
			name = "[CP] Embed Pods Frameworks";
			outputPaths = (
			);
			runOnlyForDeploymentPostprocessing = 0;
			shellPath = /bin/sh;
			shellScript = "\"${SRCROOT}/Pods/Target Support Files/Pods-viewText/Pods-viewText-frameworks.sh\"\n";
			showEnvVarsInLog = 0;
		};
/* End PBXShellScriptBuildPhase section */

/* Begin PBXSourcesBuildPhase section */
		E3A708CB2089D0F80091C32B /* Sources */ = {
			isa = PBXSourcesBuildPhase;
			buildActionMask = 2147483647;
			files = (
				E3FEAA0E208D899200AF08E2 /* UILabel+Utils.m in Sources */,
				E3FEA9E8208D7CC500AF08E2 /* HintLabel.m in Sources */,
				E3FEAA28208D930100AF08E2 /* ZYLWebController.m in Sources */,
				E3FEAA0C208D899200AF08E2 /* UIButton+Style.m in Sources */,
				E3FEAA15208D89A600AF08E2 /* DJQ_RootTools.m in Sources */,
				E3FEAA2E208DA1B000AF08E2 /* IMLogicModel.m in Sources */,
				E3A708E22089D0F80091C32B /* main.m in Sources */,
				E3FEAA11208D899200AF08E2 /* UIView+BorderLine.m in Sources */,
				E3FEAA0D208D899200AF08E2 /* NSString+Time.m in Sources */,
				E3FEAA18208D89B000AF08E2 /* ToolFunctionManager.m in Sources */,
				E3FEAA0A208D899200AF08E2 /* UIColor+HexString.m in Sources */,
				E3FEA9E9208D7CC500AF08E2 /* HeadView.m in Sources */,
				E3FEA9EC208D7CC500AF08E2 /* YouTableViewCell.m in Sources */,
				E3FEAA0F208D899200AF08E2 /* UIFont+SelectFrame.m in Sources */,
				E3FEAA27208D930100AF08E2 /* HDRootViewController.m in Sources */,
				E3FEAA12208D899200AF08E2 /* UIImage+Exten.m in Sources */,
				E3FEA9ED208D7CC500AF08E2 /* MeTableViewCell.m in Sources */,
				E3FEAA0B208D899200AF08E2 /* UIView+ReRect.m in Sources */,
				E3FEAA10208D899200AF08E2 /* UIImage+Image.m in Sources */,
				E3FEA9EA208D7CC500AF08E2 /* ViewController.m in Sources */,
				E3FEA9F7208D886500AF08E2 /* AppDelegate.m in Sources */,
			);
			runOnlyForDeploymentPostprocessing = 0;
		};
		E3A708E32089D0F80091C32B /* Sources */ = {
			isa = PBXSourcesBuildPhase;
			buildActionMask = 2147483647;
			files = (
				E3A708EC2089D0F80091C32B /* viewTextTests.m in Sources */,
			);
			runOnlyForDeploymentPostprocessing = 0;
		};
		E3A708EE2089D0F80091C32B /* Sources */ = {
			isa = PBXSourcesBuildPhase;
			buildActionMask = 2147483647;
			files = (
				E3A708F72089D0F80091C32B /* viewTextUITests.m in Sources */,
			);
			runOnlyForDeploymentPostprocessing = 0;
		};
/* End PBXSourcesBuildPhase section */

/* Begin PBXTargetDependency section */
		E3A708E92089D0F80091C32B /* PBXTargetDependency */ = {
			isa = PBXTargetDependency;
			target = E3A708CE2089D0F80091C32B /* viewText */;
			targetProxy = E3A708E82089D0F80091C32B /* PBXContainerItemProxy */;
		};
		E3A708F42089D0F80091C32B /* PBXTargetDependency */ = {
			isa = PBXTargetDependency;
			target = E3A708CE2089D0F80091C32B /* viewText */;
			targetProxy = E3A708F32089D0F80091C32B /* PBXContainerItemProxy */;
		};
/* End PBXTargetDependency section */

/* Begin PBXVariantGroup section */
		E3A708D82089D0F80091C32B /* Main.storyboard */ = {
			isa = PBXVariantGroup;
			children = (
				E3A708D92089D0F80091C32B /* Base */,
			);
			name = Main.storyboard;
			sourceTree = "<group>";
		};
		E3A708DD2089D0F80091C32B /* LaunchScreen.storyboard */ = {
			isa = PBXVariantGroup;
			children = (
				E3A708DE2089D0F80091C32B /* Base */,
			);
			name = LaunchScreen.storyboard;
			sourceTree = "<group>";
		};
/* End PBXVariantGroup section */

/* Begin XCBuildConfiguration section */
		E3A708F92089D0F80091C32B /* Debug */ = {
			isa = XCBuildConfiguration;
			buildSettings = {
				ALWAYS_SEARCH_USER_PATHS = NO;
				CLANG_ANALYZER_NONNULL = YES;
				CLANG_ANALYZER_NUMBER_OBJECT_CONVERSION = YES_AGGRESSIVE;
				CLANG_CXX_LANGUAGE_STANDARD = "gnu++14";
				CLANG_CXX_LIBRARY = "libc++";
				CLANG_ENABLE_MODULES = YES;
				CLANG_ENABLE_OBJC_ARC = YES;
				CLANG_WARN_BLOCK_CAPTURE_AUTORELEASING = YES;
				CLANG_WARN_BOOL_CONVERSION = YES;
				CLANG_WARN_COMMA = YES;
				CLANG_WARN_CONSTANT_CONVERSION = YES;
				CLANG_WARN_DIRECT_OBJC_ISA_USAGE = YES_ERROR;
				CLANG_WARN_DOCUMENTATION_COMMENTS = YES;
				CLANG_WARN_EMPTY_BODY = YES;
				CLANG_WARN_ENUM_CONVERSION = YES;
				CLANG_WARN_INFINITE_RECURSION = YES;
				CLANG_WARN_INT_CONVERSION = YES;
				CLANG_WARN_NON_LITERAL_NULL_CONVERSION = YES;
				CLANG_WARN_OBJC_LITERAL_CONVERSION = YES;
				CLANG_WARN_OBJC_ROOT_CLASS = YES_ERROR;
				CLANG_WARN_RANGE_LOOP_ANALYSIS = YES;
				CLANG_WARN_STRICT_PROTOTYPES = YES;
				CLANG_WARN_SUSPICIOUS_MOVE = YES;
				CLANG_WARN_UNGUARDED_AVAILABILITY = YES_AGGRESSIVE;
				CLANG_WARN_UNREACHABLE_CODE = YES;
				CLANG_WARN__DUPLICATE_METHOD_MATCH = YES;
				CODE_SIGN_IDENTITY = "iPhone Developer";
				COPY_PHASE_STRIP = NO;
				DEBUG_INFORMATION_FORMAT = dwarf;
				ENABLE_STRICT_OBJC_MSGSEND = YES;
				ENABLE_TESTABILITY = YES;
				GCC_C_LANGUAGE_STANDARD = gnu11;
				GCC_DYNAMIC_NO_PIC = NO;
				GCC_NO_COMMON_BLOCKS = YES;
				GCC_OPTIMIZATION_LEVEL = 0;
				GCC_PRECOMPILE_PREFIX_HEADER = YES;
				GCC_PREPROCESSOR_DEFINITIONS = (
					"DEBUG=1",
					"$(inherited)",
				);
				GCC_WARN_64_TO_32_BIT_CONVERSION = YES;
				GCC_WARN_ABOUT_RETURN_TYPE = YES_ERROR;
				GCC_WARN_UNDECLARED_SELECTOR = YES;
				GCC_WARN_UNINITIALIZED_AUTOS = YES_AGGRESSIVE;
				GCC_WARN_UNUSED_FUNCTION = YES;
				GCC_WARN_UNUSED_VARIABLE = YES;
				IPHONEOS_DEPLOYMENT_TARGET = 11.2;
				MTL_ENABLE_DEBUG_INFO = YES;
				ONLY_ACTIVE_ARCH = YES;
				SDKROOT = iphoneos;
			};
			name = Debug;
		};
		E3A708FA2089D0F80091C32B /* Release */ = {
			isa = XCBuildConfiguration;
			buildSettings = {
				ALWAYS_SEARCH_USER_PATHS = NO;
				CLANG_ANALYZER_NONNULL = YES;
				CLANG_ANALYZER_NUMBER_OBJECT_CONVERSION = YES_AGGRESSIVE;
				CLANG_CXX_LANGUAGE_STANDARD = "gnu++14";
				CLANG_CXX_LIBRARY = "libc++";
				CLANG_ENABLE_MODULES = YES;
				CLANG_ENABLE_OBJC_ARC = YES;
				CLANG_WARN_BLOCK_CAPTURE_AUTORELEASING = YES;
				CLANG_WARN_BOOL_CONVERSION = YES;
				CLANG_WARN_COMMA = YES;
				CLANG_WARN_CONSTANT_CONVERSION = YES;
				CLANG_WARN_DIRECT_OBJC_ISA_USAGE = YES_ERROR;
				CLANG_WARN_DOCUMENTATION_COMMENTS = YES;
				CLANG_WARN_EMPTY_BODY = YES;
				CLANG_WARN_ENUM_CONVERSION = YES;
				CLANG_WARN_INFINITE_RECURSION = YES;
				CLANG_WARN_INT_CONVERSION = YES;
				CLANG_WARN_NON_LITERAL_NULL_CONVERSION = YES;
				CLANG_WARN_OBJC_LITERAL_CONVERSION = YES;
				CLANG_WARN_OBJC_ROOT_CLASS = YES_ERROR;
				CLANG_WARN_RANGE_LOOP_ANALYSIS = YES;
				CLANG_WARN_STRICT_PROTOTYPES = YES;
				CLANG_WARN_SUSPICIOUS_MOVE = YES;
				CLANG_WARN_UNGUARDED_AVAILABILITY = YES_AGGRESSIVE;
				CLANG_WARN_UNREACHABLE_CODE = YES;
				CLANG_WARN__DUPLICATE_METHOD_MATCH = YES;
				CODE_SIGN_IDENTITY = "iPhone Developer";
				COPY_PHASE_STRIP = NO;
				DEBUG_INFORMATION_FORMAT = "dwarf-with-dsym";
				ENABLE_NS_ASSERTIONS = NO;
				ENABLE_STRICT_OBJC_MSGSEND = YES;
				GCC_C_LANGUAGE_STANDARD = gnu11;
				GCC_NO_COMMON_BLOCKS = YES;
				GCC_PRECOMPILE_PREFIX_HEADER = YES;
				GCC_WARN_64_TO_32_BIT_CONVERSION = YES;
				GCC_WARN_ABOUT_RETURN_TYPE = YES_ERROR;
				GCC_WARN_UNDECLARED_SELECTOR = YES;
				GCC_WARN_UNINITIALIZED_AUTOS = YES_AGGRESSIVE;
				GCC_WARN_UNUSED_FUNCTION = YES;
				GCC_WARN_UNUSED_VARIABLE = YES;
				IPHONEOS_DEPLOYMENT_TARGET = 11.2;
				MTL_ENABLE_DEBUG_INFO = NO;
				SDKROOT = iphoneos;
				VALIDATE_PRODUCT = YES;
			};
			name = Release;
		};
		E3A708FC2089D0F80091C32B /* Debug */ = {
			isa = XCBuildConfiguration;
			baseConfigurationReference = B1663DBE92DEC523141C3D09 /* Pods-viewText.debug.xcconfig */;
			buildSettings = {
				ASSETCATALOG_COMPILER_APPICON_NAME = AppIcon;
				CODE_SIGN_STYLE = Automatic;
				GCC_PRECOMPILE_PREFIX_HEADER = YES;
				GCC_PREFIX_HEADER = /Users/wuhaidong/Desktop/viewText/viewText/OverAllFile/PrefixHeader.pch;
				INFOPLIST_FILE = viewText/Info.plist;
				LD_RUNPATH_SEARCH_PATHS = "$(inherited) @executable_path/Frameworks";
				PRODUCT_BUNDLE_IDENTIFIER = cocoa.viewText;
				PRODUCT_NAME = "$(TARGET_NAME)";
				TARGETED_DEVICE_FAMILY = "1,2";
			};
			name = Debug;
		};
		E3A708FD2089D0F80091C32B /* Release */ = {
			isa = XCBuildConfiguration;
			baseConfigurationReference = 7E18A00BE0770071ABDD09D3 /* Pods-viewText.release.xcconfig */;
			buildSettings = {
				ASSETCATALOG_COMPILER_APPICON_NAME = AppIcon;
				CODE_SIGN_STYLE = Automatic;
				GCC_PRECOMPILE_PREFIX_HEADER = YES;
				GCC_PREFIX_HEADER = /Users/wuhaidong/Desktop/viewText/viewText/OverAllFile/PrefixHeader.pch;
				INFOPLIST_FILE = viewText/Info.plist;
				LD_RUNPATH_SEARCH_PATHS = "$(inherited) @executable_path/Frameworks";
				PRODUCT_BUNDLE_IDENTIFIER = cocoa.viewText;
				PRODUCT_NAME = "$(TARGET_NAME)";
				TARGETED_DEVICE_FAMILY = "1,2";
			};
			name = Release;
		};
		E3A708FF2089D0F80091C32B /* Debug */ = {
			isa = XCBuildConfiguration;
			buildSettings = {
				BUNDLE_LOADER = "$(TEST_HOST)";
				CODE_SIGN_STYLE = Automatic;
				INFOPLIST_FILE = viewTextTests/Info.plist;
				LD_RUNPATH_SEARCH_PATHS = "$(inherited) @executable_path/Frameworks @loader_path/Frameworks";
				PRODUCT_BUNDLE_IDENTIFIER = cocoa.viewTextTests;
				PRODUCT_NAME = "$(TARGET_NAME)";
				TARGETED_DEVICE_FAMILY = "1,2";
				TEST_HOST = "$(BUILT_PRODUCTS_DIR)/viewText.app/viewText";
			};
			name = Debug;
		};
		E3A709002089D0F80091C32B /* Release */ = {
			isa = XCBuildConfiguration;
			buildSettings = {
				BUNDLE_LOADER = "$(TEST_HOST)";
				CODE_SIGN_STYLE = Automatic;
				INFOPLIST_FILE = viewTextTests/Info.plist;
				LD_RUNPATH_SEARCH_PATHS = "$(inherited) @executable_path/Frameworks @loader_path/Frameworks";
				PRODUCT_BUNDLE_IDENTIFIER = cocoa.viewTextTests;
				PRODUCT_NAME = "$(TARGET_NAME)";
				TARGETED_DEVICE_FAMILY = "1,2";
				TEST_HOST = "$(BUILT_PRODUCTS_DIR)/viewText.app/viewText";
			};
			name = Release;
		};
		E3A709022089D0F80091C32B /* Debug */ = {
			isa = XCBuildConfiguration;
			buildSettings = {
				CODE_SIGN_STYLE = Automatic;
				INFOPLIST_FILE = viewTextUITests/Info.plist;
				LD_RUNPATH_SEARCH_PATHS = "$(inherited) @executable_path/Frameworks @loader_path/Frameworks";
				PRODUCT_BUNDLE_IDENTIFIER = cocoa.viewTextUITests;
				PRODUCT_NAME = "$(TARGET_NAME)";
				TARGETED_DEVICE_FAMILY = "1,2";
				TEST_TARGET_NAME = viewText;
			};
			name = Debug;
		};
		E3A709032089D0F80091C32B /* Release */ = {
			isa = XCBuildConfiguration;
			buildSettings = {
				CODE_SIGN_STYLE = Automatic;
				INFOPLIST_FILE = viewTextUITests/Info.plist;
				LD_RUNPATH_SEARCH_PATHS = "$(inherited) @executable_path/Frameworks @loader_path/Frameworks";
				PRODUCT_BUNDLE_IDENTIFIER = cocoa.viewTextUITests;
				PRODUCT_NAME = "$(TARGET_NAME)";
				TARGETED_DEVICE_FAMILY = "1,2";
				TEST_TARGET_NAME = viewText;
			};
			name = Release;
		};
/* End XCBuildConfiguration section */

/* Begin XCConfigurationList section */
		E3A708CA2089D0F80091C32B /* Build configuration list for PBXProject "viewText" */ = {
			isa = XCConfigurationList;
			buildConfigurations = (
				E3A708F92089D0F80091C32B /* Debug */,
				E3A708FA2089D0F80091C32B /* Release */,
			);
			defaultConfigurationIsVisible = 0;
			defaultConfigurationName = Release;
		};
		E3A708FB2089D0F80091C32B /* Build configuration list for PBXNativeTarget "viewText" */ = {
			isa = XCConfigurationList;
			buildConfigurations = (
				E3A708FC2089D0F80091C32B /* Debug */,
				E3A708FD2089D0F80091C32B /* Release */,
			);
			defaultConfigurationIsVisible = 0;
			defaultConfigurationName = Release;
		};
		E3A708FE2089D0F80091C32B /* Build configuration list for PBXNativeTarget "viewTextTests" */ = {
			isa = XCConfigurationList;
			buildConfigurations = (
				E3A708FF2089D0F80091C32B /* Debug */,
				E3A709002089D0F80091C32B /* Release */,
			);
			defaultConfigurationIsVisible = 0;
			defaultConfigurationName = Release;
		};
		E3A709012089D0F80091C32B /* Build configuration list for PBXNativeTarget "viewTextUITests" */ = {
			isa = XCConfigurationList;
			buildConfigurations = (
				E3A709022089D0F80091C32B /* Debug */,
				E3A709032089D0F80091C32B /* Release */,
			);
			defaultConfigurationIsVisible = 0;
			defaultConfigurationName = Release;
		};
/* End XCConfigurationList section */
	};
	rootObject = E3A708C72089D0F80091C32B /* Project object */;
}
